
Microsoft Visual Studio Solution File, Format Version 12.00
# Visual Studio Version 16
VisualStudioVersion = 16.0.29411.108
MinimumVisualStudioVersion = 10.0.40219.1
Project("{FAE04EC0-301F-11D3-BF4B-00C04F79EFBC}") = "HelloWorld.UWP", "HelloWorld\HelloWorld.UWP\HelloWorld.UWP.csproj", "{F413C138-0E60-4168-B689-11E390AC4B24}"
EndProject
Project("{FAE04EC0-301F-11D3-BF4B-00C04F79EFBC}") = "HelloWorld.Android", "HelloWorld\HelloWorld.Android\HelloWorld.Android.csproj", "{A0E5A747-BFDE-4B19-B4F9-ECD5A99D1B51}"
EndProject
Project("{FAE04EC0-301F-11D3-BF4B-00C04F79EFBC}") = "HelloWorld.iOS", "HelloWorld\HelloWorld.iOS\HelloWorld.iOS.csproj", "{3F96BFEA-7C0B-460B-B424-042AAEFE5C8E}"
EndProject
Project("{FAE04EC0-301F-11D3-BF4B-00C04F79EFBC}") = "HelloWorld", "HelloWorld\HelloWorld\HelloWorld.csproj", "{7BCABB67-4F10-4256-BAB0-3F8C53A04B28}"
EndProject
Global
	GlobalSection(SolutionConfigurationPlatforms) = preSolution
		Debug|Any CPU = Debug|Any CPU
		Debug|ARM = Debug|ARM
		Debug|iPhone = Debug|iPhone
		Debug|iPhoneSimulator = Debug|iPhoneSimulator
		Debug|x64 = Debug|x64
		Debug|x86 = Debug|x86
		Release|Any CPU = Release|Any CPU
		Release|ARM = Release|ARM
		Release|iPhone = Release|iPhone
		Release|iPhoneSimulator = Release|iPhoneSimulator
		Release|x64 = Release|x64
		Release|x86 = Release|x86
	EndGlobalSection
	GlobalSection(ProjectConfigurationPlatforms) = postSolution
		{F413C138-0E60-4168-B689-11E390AC4B24}.Debug|Any CPU.ActiveCfg = Debug|x86
		{F413C138-0E60-4168-B689-11E390AC4B24}.Debug|Any CPU.Build.0 = Debug|x86
		{F413C138-0E60-4168-B689-11E390AC4B24}.Debug|Any CPU.Deploy.0 = Debug|x86
		{F413C138-0E60-4168-B689-11E390AC4B24}.Debug|ARM.ActiveCfg = Debug|ARM
		{F413C138-0E60-4168-B689-11E390AC4B24}.Debug|ARM.Build.0 = Debug|ARM
		{F413C138-0E60-4168-B689-11E390AC4B24}.Debug|ARM.Deploy.0 = Debug|ARM
		{F413C138-0E60-4168-B689-11E390AC4B24}.Debug|iPhone.ActiveCfg = Debug|x86
		{F413C138-0E60-4168-B689-11E390AC4B24}.Debug|iPhone.Build.0 = Debug|x86
		{F413C138-0E60-4168-B689-11E390AC4B24}.Debug|iPhone.Deploy.0 = Debug|x86
		{F413C138-0E60-4168-B689-11E390AC4B24}.Debug|iPhoneSimulator.ActiveCfg = Debug|x86
		{F413C138-0E60-4168-B689-11E390AC4B24}.Debug|iPhoneSimulator.Build.0 = Debug|x86
		{F413C138-0E60-4168-B689-11E390AC4B24}.Debug|iPhoneSimulator.Deploy.0 = Debug|x86
		{F413C138-0E60-4168-B689-11E390AC4B24}.Debug|x64.ActiveCfg = Debug|x64
		{F413C138-0E60-4168-B689-11E390AC4B24}.Debug|x64.Build.0 = Debug|x64
		{F413C138-0E60-4168-B689-11E390AC4B24}.Debug|x64.Deploy.0 = Debug|x64
		{F413C138-0E60-4168-B689-11E390AC4B24}.Debug|x86.ActiveCfg = Debug|x86
		{F413C138-0E60-4168-B689-11E390AC4B24}.Debug|x86.Build.0 = Debug|x86
		{F413C138-0E60-4168-B689-11E390AC4B24}.Debug|x86.Deploy.0 = Debug|x86
		{F413C138-0E60-4168-B689-11E390AC4B24}.Release|Any CPU.ActiveCfg = Release|x86
		{F413C138-0E60-4168-B689-11E390AC4B24}.Release|Any CPU.Build.0 = Release|x86
		{F413C138-0E60-4168-B689-11E390AC4B24}.Release|Any CPU.Deploy.0 = Release|x86
		{F413C138-0E60-4168-B689-11E390AC4B24}.Release|ARM.ActiveCfg = Release|ARM
		{F413C138-0E60-4168-B689-11E390AC4B24}.Release|ARM.Build.0 = Release|ARM
		{F413C138-0E60-4168-B689-11E390AC4B24}.Release|ARM.Deploy.0 = Release|ARM
		{F413C138-0E60-4168-B689-11E390AC4B24}.Release|iPhone.ActiveCfg = Release|x86
		{F413C138-0E60-4168-B689-11E390AC4B24}.Release|iPhone.Build.0 = Release|x86
		{F413C138-0E60-4168-B689-11E390AC4B24}.Release|iPhone.Deploy.0 = Release|x86
		{F413C138-0E60-4168-B689-11E390AC4B24}.Release|iPhoneSimulator.ActiveCfg = Release|x86
		{F413C138-0E60-4168-B689-11E390AC4B24}.Release|iPhoneSimulator.Build.0 = Release|x86
		{F413C138-0E60-4168-B689-11E390AC4B24}.Release|iPhoneSimulator.Deploy.0 = Release|x86
		{F413C138-0E60-4168-B689-11E390AC4B24}.Release|x64.ActiveCfg = Release|x64
		{F413C138-0E60-4168-B689-11E390AC4B24}.Release|x64.Build.0 = Release|x64
		{F413C138-0E60-4168-B689-11E390AC4B24}.Release|x64.Deploy.0 = Release|x64
		{F413C138-0E60-4168-B689-11E390AC4B24}.Release|x86.ActiveCfg = Release|x86
		{F413C138-0E60-4168-B689-11E390AC4B24}.Release|x86.Build.0 = Release|x86
		{F413C138-0E60-4168-B689-11E390AC4B24}.Release|x86.Deploy.0 = Release|x86
		{A0E5A747-BFDE-4B19-B4F9-ECD5A99D1B51}.Debug|Any CPU.ActiveCfg = Debug|Any CPU
		{A0E5A747-BFDE-4B19-B4F9-ECD5A99D1B51}.Debug|Any CPU.Build.0 = Debug|Any CPU
		{A0E5A747-BFDE-4B19-B4F9-ECD5A99D1B51}.Debug|Any CPU.Deploy.0 = Debug|Any CPU
		{A0E5A747-BFDE-4B19-B4F9-ECD5A99D1B51}.Debug|ARM.ActiveCfg = Debug|Any CPU
		{A0E5A747-BFDE-4B19-B4F9-ECD5A99D1B51}.Debug|ARM.Build.0 = Debug|Any CPU
		{A0E5A747-BFDE-4B19-B4F9-ECD5A99D1B51}.Debug|ARM.Deploy.0 = Debug|Any CPU
		{A0E5A747-BFDE-4B19-B4F9-ECD5A99D1B51}.Debug|iPhone.ActiveCfg = Debug|Any CPU
		{A0E5A747-BFDE-4B19-B4F9-ECD5A99D1B51}.Debug|iPhone.Build.0 = Debug|Any CPU
		{A0E5A747-BFDE-4B19-B4F9-ECD5A99D1B51}.Debug|iPhone.Deploy.0 = Debug|Any CPU
		{A0E5A747-BFDE-4B19-B4F9-ECD5A99D1B51}.Debug|iPhoneSimulator.ActiveCfg = Debug|Any CPU
		{A0E5A747-BFDE-4B19-B4F9-ECD5A99D1B51}.Debug|iPhoneSimulator.Build.0 = Debug|Any CPU
		{A0E5A747-BFDE-4B19-B4F9-ECD5A99D1B51}.Debug|iPhoneSimulator.Deploy.0 = Debug|Any CPU
		{A0E5A747-BFDE-4B19-B4F9-ECD5A99D1B51}.Debug|x64.ActiveCfg = Debug|Any CPU
		{A0E5A747-BFDE-4B19-B4F9-ECD5A99D1B51}.Debug|x64.Build.0 = Debug|Any CPU
		{A0E5A747-BFDE-4B19-B4F9-ECD5A99D1B51}.Debug|x64.Deploy.0 = Debug|Any CPU
		{A0E5A747-BFDE-4B19-B4F9-ECD5A99D1B51}.Debug|x86.ActiveCfg = Debug|Any CPU
		{A0E5A747-BFDE-4B19-B4F9-ECD5A99D1B51}.Debug|x86.Build.0 = Debug|Any CPU
		{A0E5A747-BFDE-4B19-B4F9-ECD5A99D1B51}.Debug|x86.Deploy.0 = Debug|Any CPU
		{A0E5A747-BFDE-4B19-B4F9-ECD5A99D1B51}.Release|Any CPU.ActiveCfg = Release|Any CPU
		{A0E5A747-BFDE-4B19-B4F9-ECD5A99D1B51}.Release|Any CPU.Build.0 = Release|Any CPU
		{A0E5A747-BFDE-4B19-B4F9-ECD5A99D1B51}.Release|Any CPU.Deploy.0 = Release|Any CPU
		{A0E5A747-BFDE-4B19-B4F9-ECD5A99D1B51}.Release|ARM.ActiveCfg = Release|Any CPU
		{A0E5A747-BFDE-4B19-B4F9-ECD5A99D1B51}.Release|ARM.Build.0 = Release|Any CPU
		{A0E5A747-BFDE-4B19-B4F9-ECD5A99D1B51}.Release|ARM.Deploy.0 = Release|Any CPU
		{A0E5A747-BFDE-4B19-B4F9-ECD5A99D1B51}.Release|iPhone.ActiveCfg = Release|Any CPU
		{A0E5A747-BFDE-4B19-B4F9-ECD5A99D1B51}.Release|iPhone.Build.0 = Release|Any CPU
		{A0E5A747-BFDE-4B19-B4F9-ECD5A99D1B51}.Release|iPhone.Deploy.0 = Release|Any CPU
		{A0E5A747-BFDE-4B19-B4F9-ECD5A99D1B51}.Release|iPhoneSimulator.ActiveCfg = Release|Any CPU
		{A0E5A747-BFDE-4B19-B4F9-ECD5A99D1B51}.Release|iPhoneSimulator.Build.0 = Release|Any CPU
		{A0E5A747-BFDE-4B19-B4F9-ECD5A99D1B51}.Release|iPhoneSimulator.Deploy.0 = Release|Any CPU
		{A0E5A747-BFDE-4B19-B4F9-ECD5A99D1B51}.Release|x64.ActiveCfg = Release|Any CPU
		{A0E5A747-BFDE-4B19-B4F9-ECD5A99D1B51}.Release|x64.Build.0 = Release|Any CPU
		{A0E5A747-BFDE-4B19-B4F9-ECD5A99D1B51}.Release|x64.Deploy.0 = Release|Any CPU
		{A0E5A747-BFDE-4B19-B4F9-ECD5A99D1B51}.Release|x86.ActiveCfg = Release|Any CPU
		{A0E5A747-BFDE-4B19-B4F9-ECD5A99D1B51}.Release|x86.Build.0 = Release|Any CPU
		{A0E5A747-BFDE-4B19-B4F9-ECD5A99D1B51}.Release|x86.Deploy.0 = Release|Any CPU
		{3F96BFEA-7C0B-460B-B424-042AAEFE5C8E}.Debug|Any CPU.ActiveCfg = Debug|iPhone
		{3F96BFEA-7C0B-460B-B424-042AAEFE5C8E}.Debug|Any CPU.Build.0 = Debug|iPhone
		{3F96BFEA-7C0B-460B-B424-042AAEFE5C8E}.Debug|Any CPU.Deploy.0 = Debug|iPhone
		{3F96BFEA-7C0B-460B-B424-042AAEFE5C8E}.Debug|ARM.ActiveCfg = Debug|iPhoneSimulator
		{3F96BFEA-7C0B-460B-B424-042AAEFE5C8E}.Debug|ARM.Build.0 = Debug|iPhoneSimulator
		{3F96BFEA-7C0B-460B-B424-042AAEFE5C8E}.Debug|ARM.Deploy.0 = Debug|iPhoneSimulator
		{3F96BFEA-7C0B-460B-B424-042AAEFE5C8E}.Debug|iPhone.ActiveCfg = Debug|iPhone
		{3F96BFEA-7C0B-460B-B424-042AAEFE5C8E}.Debug|iPhone.Build.0 = Debug|iPhone
		{3F96BFEA-7C0B-460B-B424-042AAEFE5C8E}.Debug|iPhone.Deploy.0 = Debug|iPhone
		{3F96BFEA-7C0B-460B-B424-042AAEFE5C8E}.Debug|iPhoneSimulator.ActiveCfg = Debug|iPhoneSimulator
		{3F96BFEA-7C0B-460B-B424-042AAEFE5C8E}.Debug|iPhoneSimulator.Build.0 = Debug|iPhoneSimulator
		{3F96BFEA-7C0B-460B-B424-042AAEFE5C8E}.Debug|iPhoneSimulator.Deploy.0 = Debug|iPhoneSimulator
		{3F96BFEA-7C0B-460B-B424-042AAEFE5C8E}.Debug|x64.ActiveCfg = Debug|iPhone
		{3F96BFEA-7C0B-460B-B424-042AAEFE5C8E}.Debug|x64.Build.0 = Debug|iPhone
		{3F96BFEA-7C0B-460B-B424-042AAEFE5C8E}.Debug|x64.Deploy.0 = Debug|iPhone
		{3F96BFEA-7C0B-460B-B424-042AAEFE5C8E}.Debug|x86.ActiveCfg = Debug|iPhone
		{3F96BFEA-7C0B-460B-B424-042AAEFE5C8E}.Debug|x86.Build.0 = Debug|iPhone
		{3F96BFEA-7C0B-460B-B424-042AAEFE5C8E}.Debug|x86.Deploy.0 = Debug|iPhone
		{3F96BFEA-7C0B-460B-B424-042AAEFE5C8E}.Release|Any CPU.ActiveCfg = Release|iPhone
		{3F96BFEA-7C0B-460B-B424-042AAEFE5C8E}.Release|Any CPU.Build.0 = Release|iPhone
		{3F96BFEA-7C0B-460B-B424-042AAEFE5C8E}.Release|Any CPU.Deploy.0 = Release|iPhone
		{3F96BFEA-7C0B-460B-B424-042AAEFE5C8E}.Release|ARM.ActiveCfg = Release|iPhone
		{3F96BFEA-7C0B-460B-B424-042AAEFE5C8E}.Release|ARM.Build.0 = Release|iPhone
		{3F96BFEA-7C0B-460B-B424-042AAEFE5C8E}.Release|ARM.Deploy.0 = Release|iPhone
		{3F96BFEA-7C0B-460B-B424-042AAEFE5C8E}.Release|iPhone.ActiveCfg = Release|iPhone
		{3F96BFEA-7C0B-460B-B424-042AAEFE5C8E}.Release|iPhone.Build.0 = Release|iPhone
		{3F96BFEA-7C0B-460B-B424-042AAEFE5C8E}.Release|iPhone.Deploy.0 = Release|iPhone
		{3F96BFEA-7C0B-460B-B424-042AAEFE5C8E}.Release|iPhoneSimulator.ActiveCfg = Release|iPhoneSimulator
		{3F96BFEA-7C0B-460B-B424-042AAEFE5C8E}.Release|iPhoneSimulator.Build.0 = Release|iPhoneSimulator
		{3F96BFEA-7C0B-460B-B424-042AAEFE5C8E}.Release|iPhoneSimulator.Deploy.0 = Release|iPhoneSimulator
		{3F96BFEA-7C0B-460B-B424-042AAEFE5C8E}.Release|x64.ActiveCfg = Release|iPhone
		{3F96BFEA-7C0B-460B-B424-042AAEFE5C8E}.Release|x64.Build.0 = Release|iPhone
		{3F96BFEA-7C0B-460B-B424-042AAEFE5C8E}.Release|x64.Deploy.0 = Release|iPhone
		{3F96BFEA-7C0B-460B-B424-042AAEFE5C8E}.Release|x86.ActiveCfg = Release|iPhone
		{3F96BFEA-7C0B-460B-B424-042AAEFE5C8E}.Release|x86.Build.0 = Release|iPhone
		{3F96BFEA-7C0B-460B-B424-042AAEFE5C8E}.Release|x86.Deploy.0 = Release|iPhone
		{7BCABB67-4F10-4256-BAB0-3F8C53A04B28}.Debug|Any CPU.ActiveCfg = Debug|Any CPU
		{7BCABB67-4F10-4256-BAB0-3F8C53A04B28}.Debug|Any CPU.Build.0 = Debug|Any CPU
		{7BCABB67-4F10-4256-BAB0-3F8C53A04B28}.Debug|Any CPU.Deploy.0 = Debug|Any CPU
		{7BCABB67-4F10-4256-BAB0-3F8C53A04B28}.Debug|ARM.ActiveCfg = Debug|Any CPU
		{7BCABB67-4F10-4256-BAB0-3F8C53A04B28}.Debug|ARM.Build.0 = Debug|Any CPU
		{7BCABB67-4F10-4256-BAB0-3F8C53A04B28}.Debug|ARM.Deploy.0 = Debug|Any CPU
		{7BCABB67-4F10-4256-BAB0-3F8C53A04B28}.Debug|iPhone.ActiveCfg = Debug|Any CPU
		{7BCABB67-4F10-4256-BAB0-3F8C53A04B28}.Debug|iPhone.Build.0 = Debug|Any CPU
		{7BCABB67-4F10-4256-BAB0-3F8C53A04B28}.Debug|iPhone.Deploy.0 = Debug|Any CPU
		{7BCABB67-4F10-4256-BAB0-3F8C53A04B28}.Debug|iPhoneSimulator.ActiveCfg = Debug|Any CPU
		{7BCABB67-4F10-4256-BAB0-3F8C53A04B28}.Debug|iPhoneSimulator.Build.0 = Debug|Any CPU
		{7BCABB67-4F10-4256-BAB0-3F8C53A04B28}.Debug|iPhoneSimulator.Deploy.0 = Debug|Any CPU
		{7BCABB67-4F10-4256-BAB0-3F8C53A04B28}.Debug|x64.ActiveCfg = Debug|Any CPU
		{7BCABB67-4F10-4256-BAB0-3F8C53A04B28}.Debug|x64.Build.0 = Debug|Any CPU
		{7BCABB67-4F10-4256-BAB0-3F8C53A04B28}.Debug|x64.Deploy.0 = Debug|Any CPU
		{7BCABB67-4F10-4256-BAB0-3F8C53A04B28}.Debug|x86.ActiveCfg = Debug|Any CPU
		{7BCABB67-4F10-4256-BAB0-3F8C53A04B28}.Debug|x86.Build.0 = Debug|Any CPU
		{7BCABB67-4F10-4256-BAB0-3F8C53A04B28}.Debug|x86.Deploy.0 = Debug|Any CPU
		{7BCABB67-4F10-4256-BAB0-3F8C53A04B28}.Release|Any CPU.ActiveCfg = Release|Any CPU
		{7BCABB67-4F10-4256-BAB0-3F8C53A04B28}.Release|Any CPU.Build.0 = Release|Any CPU
		{7BCABB67-4F10-4256-BAB0-3F8C53A04B28}.Release|Any CPU.Deploy.0 = Release|Any CPU
		{7BCABB67-4F10-4256-BAB0-3F8C53A04B28}.Release|ARM.ActiveCfg = Release|Any CPU
		{7BCABB67-4F10-4256-BAB0-3F8C53A04B28}.Release|ARM.Build.0 = Release|Any CPU
		{7BCABB67-4F10-4256-BAB0-3F8C53A04B28}.Release|ARM.Deploy.0 = Release|Any CPU
		{7BCABB67-4F10-4256-BAB0-3F8C53A04B28}.Release|iPhone.ActiveCfg = Release|Any CPU
		{7BCABB67-4F10-4256-BAB0-3F8C53A04B28}.Release|iPhone.Build.0 = Release|Any CPU
		{7BCABB67-4F10-4256-BAB0-3F8C53A04B28}.Release|iPhone.Deploy.0 = Release|Any CPU
		{7BCABB67-4F10-4256-BAB0-3F8C53A04B28}.Release|iPhoneSimulator.ActiveCfg = Release|Any CPU
		{7BCABB67-4F10-4256-BAB0-3F8C53A04B28}.Release|iPhoneSimulator.Build.0 = Release|Any CPU
		{7BCABB67-4F10-4256-BAB0-3F8C53A04B28}.Release|iPhoneSimulator.Deploy.0 = Release|Any CPU
		{7BCABB67-4F10-4256-BAB0-3F8C53A04B28}.Release|x64.ActiveCfg = Release|Any CPU
		{7BCABB67-4F10-4256-BAB0-3F8C53A04B28}.Release|x64.Build.0 = Release|Any CPU
		{7BCABB67-4F10-4256-BAB0-3F8C53A04B28}.Release|x64.Deploy.0 = Release|Any CPU
		{7BCABB67-4F10-4256-BAB0-3F8C53A04B28}.Release|x86.ActiveCfg = Release|Any CPU
		{7BCABB67-4F10-4256-BAB0-3F8C53A04B28}.Release|x86.Build.0 = Release|Any CPU
		{7BCABB67-4F10-4256-BAB0-3F8C53A04B28}.Release|x86.Deploy.0 = Release|Any CPU
	EndGlobalSection
	GlobalSection(SolutionProperties) = preSolution
		HideSolutionNode = FALSE
	EndGlobalSection
	GlobalSection(ExtensibilityGlobals) = postSolution
		SolutionGuid = {AC507ADE-9111-499A-AF70-7DC265626C06}
	EndGlobalSection
EndGlobal
